
Microsoft Visual Studio Solution File, Format Version 12.00
# Visual Studio 15
VisualStudioVersion = 15.0.28307.1800
MinimumVisualStudioVersion = 10.0.40219.1
Project("{FAE04EC0-301F-11D3-BF4B-00C04F79EFBC}") = "Mitsu_SCADA_WINFORM_v6", "Mitsu_SCADA_WINFORM_v6\Mitsu_SCADA_WINFORM_v6.csproj", "{8E0B29C6-B9B3-494E-AD24-70868BA04E3C}"
EndProject
Global
	GlobalSection(SolutionConfigurationPlatforms) = preSolution
		Debug|Any CPU = Debug|Any CPU
		Release|Any CPU = Release|Any CPU
	EndGlobalSection
	GlobalSection(ProjectConfigurationPlatforms) = postSolution
		{8E0B29C6-B9B3-494E-AD24-70868BA04E3C}.Debug|Any CPU.ActiveCfg = Debug|Any CPU
		{8E0B29C6-B9B3-494E-AD24-70868BA04E3C}.Debug|Any CPU.Build.0 = Debug|Any CPU
		{8E0B29C6-B9B3-494E-AD24-70868BA04E3C}.Release|Any CPU.ActiveCfg = Release|Any CPU
		{8E0B29C6-B9B3-494E-AD24-70868BA04E3C}.Release|Any CPU.Build.0 = Release|Any CPU
	EndGlobalSection
	GlobalSection(SolutionProperties) = preSolution
		HideSolutionNode = FALSE
	EndGlobalSection
	GlobalSection(ExtensibilityGlobals) = postSolution
		SolutionGuid = {9EF239B2-64C5-4384-A142-47C263E2FB21}
	EndGlobalSection
EndGlobal
